
Microsoft Visual Studio Solution File, Format Version 12.00
# Visual Studio Version 17
VisualStudioVersion = 17.7.34024.191
MinimumVisualStudioVersion = 10.0.40219.1
Project("{FAE04EC0-301F-11D3-BF4B-00C04F79EFBC}") = "DontLetMeSleep", "DontLetMeSleep.csproj", "{619FB437-BA59-4963-8B2A-A8FA3020920A}"
EndProject
Global
	GlobalSection(SolutionConfigurationPlatforms) = preSolution
		Debug|Any CPU = Debug|Any CPU
		Release|Any CPU = Release|Any CPU
	EndGlobalSection
	GlobalSection(ProjectConfigurationPlatforms) = postSolution
		{619FB437-BA59-4963-8B2A-A8FA3020920A}.Debug|Any CPU.ActiveCfg = Debug|Any CPU
		{619FB437-BA59-4963-8B2A-A8FA3020920A}.Debug|Any CPU.Build.0 = Debug|Any CPU
		{619FB437-BA59-4963-8B2A-A8FA3020920A}.Release|Any CPU.ActiveCfg = Release|Any CPU
		{619FB437-BA59-4963-8B2A-A8FA3020920A}.Release|Any CPU.Build.0 = Release|Any CPU
	EndGlobalSection
	GlobalSection(SolutionProperties) = preSolution
		HideSolutionNode = FALSE
	EndGlobalSection
	GlobalSection(ExtensibilityGlobals) = postSolution
		SolutionGuid = {9EDE09AD-E3ED-49AB-84CE-18EFA9CBEDBB}
	EndGlobalSection
EndGlobal
